
Microsoft Visual Studio Solution File, Format Version 12.00
# Visual Studio Version 17
VisualStudioVersion = 17.2.32526.322
MinimumVisualStudioVersion = 10.0.40219.1
Project("{FAE04EC0-301F-11D3-BF4B-00C04F79EFBC}") = "SATO.API", "SATO.API\SATO.API.csproj", "{E55E8745-81C2-42D8-A410-2F9618748F1F}"
EndProject
Project("{2150E333-8FDC-42A3-9474-1A3956D46DE8}") = "src", "src", "{84F1006E-B8F5-4BF4-B901-402A7E04F99F}"
EndProject
Project("{2150E333-8FDC-42A3-9474-1A3956D46DE8}") = "Api", "Api", "{6B91BF67-E05E-4E51-8AF2-7A236A4B33DF}"
EndProject
Project("{2150E333-8FDC-42A3-9474-1A3956D46DE8}") = "Core", "Core", "{6945C345-F410-4DF4-8F6D-B2B1C60E55F9}"
EndProject
Project("{2150E333-8FDC-42A3-9474-1A3956D46DE8}") = "Infrastructure", "Infrastructure", "{EDA3AAB1-C542-48AD-8410-0E6F3CFC964A}"
EndProject
Project("{FAE04EC0-301F-11D3-BF4B-00C04F79EFBC}") = "SATO.Application", "SATO.Application\SATO.Application.csproj", "{F923910C-65A3-41ED-8C1A-7B92DBEF12DA}"
EndProject
Project("{FAE04EC0-301F-11D3-BF4B-00C04F79EFBC}") = "SATO.Entities", "SATO.Entities\SATO.Entities.csproj", "{33B8ED77-03CA-47A2-9DD6-8B4E87E02CD8}"
EndProject
Project("{FAE04EC0-301F-11D3-BF4B-00C04F79EFBC}") = "SATO.Infrastructure", "SATO.Infrastructure\SATO.Infrastructure.csproj", "{11B2A674-F1DE-4D26-A624-34CA94DE6908}"
EndProject
Global
	GlobalSection(SolutionConfigurationPlatforms) = preSolution
		Debug|Any CPU = Debug|Any CPU
		Release|Any CPU = Release|Any CPU
	EndGlobalSection
	GlobalSection(ProjectConfigurationPlatforms) = postSolution
		{E55E8745-81C2-42D8-A410-2F9618748F1F}.Debug|Any CPU.ActiveCfg = Debug|Any CPU
		{E55E8745-81C2-42D8-A410-2F9618748F1F}.Debug|Any CPU.Build.0 = Debug|Any CPU
		{E55E8745-81C2-42D8-A410-2F9618748F1F}.Release|Any CPU.ActiveCfg = Release|Any CPU
		{E55E8745-81C2-42D8-A410-2F9618748F1F}.Release|Any CPU.Build.0 = Release|Any CPU
		{F923910C-65A3-41ED-8C1A-7B92DBEF12DA}.Debug|Any CPU.ActiveCfg = Debug|Any CPU
		{F923910C-65A3-41ED-8C1A-7B92DBEF12DA}.Debug|Any CPU.Build.0 = Debug|Any CPU
		{F923910C-65A3-41ED-8C1A-7B92DBEF12DA}.Release|Any CPU.ActiveCfg = Release|Any CPU
		{F923910C-65A3-41ED-8C1A-7B92DBEF12DA}.Release|Any CPU.Build.0 = Release|Any CPU
		{33B8ED77-03CA-47A2-9DD6-8B4E87E02CD8}.Debug|Any CPU.ActiveCfg = Debug|Any CPU
		{33B8ED77-03CA-47A2-9DD6-8B4E87E02CD8}.Debug|Any CPU.Build.0 = Debug|Any CPU
		{33B8ED77-03CA-47A2-9DD6-8B4E87E02CD8}.Release|Any CPU.ActiveCfg = Release|Any CPU
		{33B8ED77-03CA-47A2-9DD6-8B4E87E02CD8}.Release|Any CPU.Build.0 = Release|Any CPU
		{11B2A674-F1DE-4D26-A624-34CA94DE6908}.Debug|Any CPU.ActiveCfg = Debug|Any CPU
		{11B2A674-F1DE-4D26-A624-34CA94DE6908}.Debug|Any CPU.Build.0 = Debug|Any CPU
		{11B2A674-F1DE-4D26-A624-34CA94DE6908}.Release|Any CPU.ActiveCfg = Release|Any CPU
		{11B2A674-F1DE-4D26-A624-34CA94DE6908}.Release|Any CPU.Build.0 = Release|Any CPU
	EndGlobalSection
	GlobalSection(SolutionProperties) = preSolution
		HideSolutionNode = FALSE
	EndGlobalSection
	GlobalSection(NestedProjects) = preSolution
		{E55E8745-81C2-42D8-A410-2F9618748F1F} = {6B91BF67-E05E-4E51-8AF2-7A236A4B33DF}
		{6B91BF67-E05E-4E51-8AF2-7A236A4B33DF} = {84F1006E-B8F5-4BF4-B901-402A7E04F99F}
		{6945C345-F410-4DF4-8F6D-B2B1C60E55F9} = {84F1006E-B8F5-4BF4-B901-402A7E04F99F}
		{EDA3AAB1-C542-48AD-8410-0E6F3CFC964A} = {84F1006E-B8F5-4BF4-B901-402A7E04F99F}
		{F923910C-65A3-41ED-8C1A-7B92DBEF12DA} = {6945C345-F410-4DF4-8F6D-B2B1C60E55F9}
		{33B8ED77-03CA-47A2-9DD6-8B4E87E02CD8} = {6945C345-F410-4DF4-8F6D-B2B1C60E55F9}
		{11B2A674-F1DE-4D26-A624-34CA94DE6908} = {EDA3AAB1-C542-48AD-8410-0E6F3CFC964A}
	EndGlobalSection
	GlobalSection(ExtensibilityGlobals) = postSolution
		SolutionGuid = {7C73FD43-231D-4F74-BE92-17B53CB8CCAF}
	EndGlobalSection
EndGlobal
